
Microsoft Visual Studio Solution File, Format Version 12.00
# Visual Studio Version 17
VisualStudioVersion = 17.11.35303.130
MinimumVisualStudioVersion = 10.0.40219.1
Project("{9A19103F-16F7-4668-BE54-9A1E7A4F7556}") = "EmbeddingOpenAI", "EmbeddingOpenAI\EmbeddingOpenAI.csproj", "{128AEC1E-00CF-414C-8EE4-7A3FB3076D72}"
EndProject
Project("{9A19103F-16F7-4668-BE54-9A1E7A4F7556}") = "TaskScheduler", "TaskScheduler\TaskScheduler.csproj", "{E21A288A-9796-439E-B026-40260539C742}"
EndProject
Project("{FAE04EC0-301F-11D3-BF4B-00C04F79EFBC}") = "EmbeddingSearch", "EmbeddingSearch\EmbeddingSearch.csproj", "{7F5FBF91-E03C-4663-A760-1CF1C04B4F1D}"
EndProject
Global
	GlobalSection(SolutionConfigurationPlatforms) = preSolution
		Debug|Any CPU = Debug|Any CPU
		Release|Any CPU = Release|Any CPU
	EndGlobalSection
	GlobalSection(ProjectConfigurationPlatforms) = postSolution
		{128AEC1E-00CF-414C-8EE4-7A3FB3076D72}.Debug|Any CPU.ActiveCfg = Debug|Any CPU
		{128AEC1E-00CF-414C-8EE4-7A3FB3076D72}.Debug|Any CPU.Build.0 = Debug|Any CPU
		{128AEC1E-00CF-414C-8EE4-7A3FB3076D72}.Release|Any CPU.ActiveCfg = Release|Any CPU
		{128AEC1E-00CF-414C-8EE4-7A3FB3076D72}.Release|Any CPU.Build.0 = Release|Any CPU
		{E21A288A-9796-439E-B026-40260539C742}.Debug|Any CPU.ActiveCfg = Debug|Any CPU
		{E21A288A-9796-439E-B026-40260539C742}.Debug|Any CPU.Build.0 = Debug|Any CPU
		{E21A288A-9796-439E-B026-40260539C742}.Release|Any CPU.ActiveCfg = Release|Any CPU
		{E21A288A-9796-439E-B026-40260539C742}.Release|Any CPU.Build.0 = Release|Any CPU
		{7F5FBF91-E03C-4663-A760-1CF1C04B4F1D}.Debug|Any CPU.ActiveCfg = Debug|Any CPU
		{7F5FBF91-E03C-4663-A760-1CF1C04B4F1D}.Debug|Any CPU.Build.0 = Debug|Any CPU
		{7F5FBF91-E03C-4663-A760-1CF1C04B4F1D}.Release|Any CPU.ActiveCfg = Release|Any CPU
		{7F5FBF91-E03C-4663-A760-1CF1C04B4F1D}.Release|Any CPU.Build.0 = Release|Any CPU
	EndGlobalSection
	GlobalSection(SolutionProperties) = preSolution
		HideSolutionNode = FALSE
	EndGlobalSection
	GlobalSection(ExtensibilityGlobals) = postSolution
		SolutionGuid = {812E4A20-1C30-4ABC-B4D6-5909A8E947D8}
	EndGlobalSection
EndGlobal
